// !$*UTF8*$!
{
	archiveVersion = 1;
	classes = {
	};
	objectVersion = 56;
	objects = {

/* Begin PBXBuildFile section */
		A10000010000000000000001 /* CookieNativeApp.swift in Sources */ = {isa = PBXBuildFile; fileRef = A10000100000000000000001 /* CookieNativeApp.swift */; };
		A10000010000000000000002 /* CookieConfiguration.swift in Sources */ = {isa = PBXBuildFile; fileRef = A10000100000000000000002 /* CookieConfiguration.swift */; };
		A10000010000000000000003 /* CookieWebController.swift in Sources */ = {isa = PBXBuildFile; fileRef = A10000100000000000000003 /* CookieWebController.swift */; };
		A10000010000000000000004 /* CookieWebView.swift in Sources */ = {isa = PBXBuildFile; fileRef = A10000100000000000000004 /* CookieWebView.swift */; };
		A10000010000000000000005 /* CookieNativeChrome.swift in Sources */ = {isa = PBXBuildFile; fileRef = A10000100000000000000005 /* CookieNativeChrome.swift */; };
		A10000010000000000000006 /* CookieShellView.swift in Sources */ = {isa = PBXBuildFile; fileRef = A10000100000000000000006 /* CookieShellView.swift */; };
		A10000010000000000000007 /* CookieNavigationSheet.swift in Sources */ = {isa = PBXBuildFile; fileRef = A10000100000000000000007 /* CookieNavigationSheet.swift */; };
		A10000010000000000000008 /* WebKit.framework in Frameworks */ = {isa = PBXBuildFile; fileRef = A10000110000000000000001 /* WebKit.framework */; };
/* End PBXBuildFile section */

/* Begin PBXFileReference section */
		A10000100000000000000001 /* CookieNativeApp.swift */ = {isa = PBXFileReference; lastKnownFileType = sourcecode.swift; path = CookieNativeApp.swift; sourceTree = "<group>"; };
		A10000100000000000000002 /* CookieConfiguration.swift */ = {isa = PBXFileReference; lastKnownFileType = sourcecode.swift; path = CookieConfiguration.swift; sourceTree = "<group>"; };
		A10000100000000000000003 /* CookieWebController.swift */ = {isa = PBXFileReference; lastKnownFileType = sourcecode.swift; path = CookieWebController.swift; sourceTree = "<group>"; };
		A10000100000000000000004 /* CookieWebView.swift */ = {isa = PBXFileReference; lastKnownFileType = sourcecode.swift; path = CookieWebView.swift; sourceTree = "<group>"; };
		A10000100000000000000005 /* CookieNativeChrome.swift */ = {isa = PBXFileReference; lastKnownFileType = sourcecode.swift; path = CookieNativeChrome.swift; sourceTree = "<group>"; };
		A10000100000000000000006 /* CookieShellView.swift */ = {isa = PBXFileReference; lastKnownFileType = sourcecode.swift; path = CookieShellView.swift; sourceTree = "<group>"; };
		A10000100000000000000007 /* CookieNavigationSheet.swift */ = {isa = PBXFileReference; lastKnownFileType = sourcecode.swift; path = CookieNavigationSheet.swift; sourceTree = "<group>"; };
		A10000100000000000000008 /* Info.plist */ = {isa = PBXFileReference; lastKnownFileType = text.plist.xml; path = Info.plist; sourceTree = "<group>"; };
		A10000110000000000000001 /* WebKit.framework */ = {isa = PBXFileReference; lastKnownFileType = wrapper.framework; name = WebKit.framework; path = System/Library/Frameworks/WebKit.framework; sourceTree = SDKROOT; };
		A10000110000000000000002 /* CookieNative.app */ = {isa = PBXFileReference; explicitFileType = wrapper.application; includeInIndex = 0; path = CookieNative.app; sourceTree = BUILT_PRODUCTS_DIR; };
/* End PBXFileReference section */

/* Begin PBXFrameworksBuildPhase section */
		A10000200000000000000001 /* Frameworks */ = {
			isa = PBXFrameworksBuildPhase;
			buildActionMask = 2147483647;
			files = (
				A10000010000000000000008 /* WebKit.framework in Frameworks */,
			);
			runOnlyForDeploymentPostprocessing = 0;
		};
/* End PBXFrameworksBuildPhase section */

/* Begin PBXGroup section */
		A10000300000000000000001 = {
			isa = PBXGroup;
			children = (
				A10000300000000000000002 /* CookieNative */,
				A10000300000000000000003 /* Products */,
			);
			sourceTree = "<group>";
		};
		A10000300000000000000002 /* CookieNative */ = {
			isa = PBXGroup;
			children = (
				A10000100000000000000001,
				A10000100000000000000002,
				A10000100000000000000003,
				A10000100000000000000000004,
				A10000100000000000000005,
				A10000100000000000000006,
				A10000100000000000000007,
				A10000100000000000000008,
			);
			path = CookieNative;
			sourceTree = "<group>";
		};
		A10000300000000000000003 /* Products */ = {
			isa = PBXGroup;
			children = (
				A10000110000000000000002 /* CookieNative.app */,
			);
			name = Products;
			sourceTree = "<group>";
		};
/* End PBXGroup section */

/* Begin PBXNativeTarget section */
		A10000400000000000000001 /* CookieNative */ = {
			isa = PBXNativeTarget;
			buildConfigurationList = A10000500000000000000001 /* Build configuration list for PBXNativeTarget "CookieNative" */;
			buildPhases = (
				A10000200000000000000001 /* Frameworks */,
				A10000600000000000000001 /* Sources */,
				A10000700000000000000001 /* Resources */,
			);
			buildRules = (
			);
			dependencies = (
			);
			name = CookieNative;
			productName = CookieNative;
			productReference = A10000110000000000000002 /* CookieNative.app */;
			productType = "com.apple.product-type.application";
		};
/* End PBXNativeTarget section */

/* Begin PBXProject section */
		A10000800000000000000001 /* Project object */ = {
			isa = PBXProject;
			attributes = {
				BuildIndependentTargetsInParallel = 1;
				LastUpgradeCheck = 2600;
			};
			buildConfigurationList = A10000500000000000000002 /* Build configuration list for PBXProject "CookieNative" */;
			compatibilityVersion = "Xcode 14.0";
			developmentRegion = en;
			hasScannedForEncodings = 0;
			knownRegions = (
				en,
				Base,
			);
			mainGroup = A10000300000000000000001;
			productRefGroup = A10000300000000000000003 /* Products */;
			projectDirPath = "";
			projectRoot = "";
			targets = (
				A10000400000000000000001 /* CookieNative */,
			);
		};
/* End PBXProject section */

/* Begin PBXResourcesBuildPhase section */
		A10000700000000000000001 /* Resources */ = {
			isa = PBXResourcesBuildPhase;
			buildActionMask = 2147483647;
			files = (
			);
			runOnlyForDeploymentPostprocessing = 0;
		};
/* End PBXResourcesBuildPhase section */

/* Begin PBXSourcesBuildPhase section */
		A10000600000000000000001 /* Sources */ = {
			isa = PBXSourcesBuildPhase;
			buildActionMask = 2147483647;
			files = (
				A10000010000000000000001,
				A10000010000000000000002,
				A10000010000000000000003,
				A10000010000000000000004,
				A10000010000000000000005,
				A10000010000000000000006,
				A10000010000000000000007,
			);
			runOnlyForDeploymentPostprocessing = 0;
		};
/* End PBXSourcesBuildPhase section */

/* Begin XCBuildConfiguration section */
		A10000900000000000000001 /* Debug */ = {
			isa = XCBuildConfiguration;
			buildSettings = {
				ALWAYS_SEARCH_USER_PATHS = NO;
				CLANG_ENABLE_MODULES = YES;
				CLANG_ENABLE_OBJC_ARC = YES;
				CLANG_WARN_BLOCK_CAPTURE_AUTORELEASING = YES;
				CLANG_WARN_BOOL_CONVERSION = YES;
				CLANG_WARN_COMMA = YES;
				CLANG_WARN_CONSTANT_CONVERSION = YES;
				CLANG_WARN_DEPRECATED_OBJC_IMPLEMENTATIONS = YES;
				CLANG_WARN_DIRECT_OBJC_ISA_USAGE = YES_ERROR;
				CLANG_WARN_EMPTY_BODY = YES;
				CLANG_WARN_ENUM_CONVERSION = YES;
				CLANG_WARN_OBJC_ROOT_CLASS = YES_ERROR;
				CLANG_WARN_RANGE_LOOP_ANALYSIS = YES;
				CLANG_WARN_UNREACHABLE_CODE = YES;
				"CODE_SIGN_IDENTITY[sdk=iphoneos*]" = "Apple Development";
				COPY_PHASE_STRIP = NO;
				DEBUG_INFORMATION_FORMAT = dwarf;
				ENABLE_STRICT_OBJC_MSGSEND = YES;
				ENABLE_TESTABILITY = YES;
				GCC_C_LANGUAGE_STANDARD = gnu17;
				INFOPLIST_FILE = CookieNative/Info.plist;
				IPHONEOS_DEPLOYMENT_TARGET = 26.0;
				LD_RUNPATH_SEARCH_PATHS = (
					"$(inherited)",
					"@executable_path/Frameworks",
				);
				ONLY_ACTIVE_ARCH = YES;
				SDKROOT = iphoneos;
				SWIFT_OPTIMIZATION_LEVEL = "-Onone";
				SWIFT_VERSION = 5.0;
				TARGETED_DEVICE_FAMILY = "1,2";
			};
			name = Debug;
		};
		A10000900000000000000002 /* Release */ = {
			isa = XCBuildConfiguration;
			buildSettings = {
				ALWAYS_SEARCH_USER_PATHS = NO;
				CLANG_ENABLE_MODULES = YES;
				CLANG_ENABLE_OBJC_ARC = YES;
				CODE_SIGN_IDENTITY = "Apple Development";
				INFOPLIST_FILE = CookieNative/Info.plist;
				IPHONEOS_DEPLOYMENT_TARGET = 26.0;
				LD_RUNPATH_SEARCH_PATHS = (
					"$(inherited)",
					"@executable_path/Frameworks",
				);
				SDKROOT = iphoneos;
				SWIFT_OPTIMIZATION_LEVEL = "-O";
				SWIFT_VERSION = 5.0;
				TARGETED_DEVICE_FAMILY = "1,2";
			};
			name = Release;
		};
		A10000900000000000000003 /* Project Debug */ = {
			isa = XCBuildConfiguration;
			buildSettings = {
				ALWAYS_SEARCH_USER_PATHS = NO;
				CLANG_ENABLE_MODULES = YES;
				CLANG_ENABLE_OBJC_ARC = YES;
				DEVELOPMENT_TEAM = "";
			};
			name = Debug;
		};
		A10000900000000000000004 /* Project Release */ = {
			isa = XCBuildConfiguration;
			buildSettings = {
				ALWAYS_SEARCH_USER_PATHS = NO;
				CLANG_ENABLE_MODULES = YES;
				DEVELOPMENT_TEAM = "";
			};
			name = Release;
		};
/* End XCBuildConfiguration section */

/* Begin XCConfigurationList section */
		A10000500000000000000001 /* Build configuration list for PBXNativeTarget "CookieNative" */ = {
			isa = XCConfigurationList;
			buildConfigurations = (
				A10000900000000000000001,
				A10000900000000000000002,
			);
			defaultConfigurationIsVisible = 0;
			defaultConfigurationName = Release;
		};
		A10000500000000000000002 /* Build configuration list for PBXProject "CookieNative" */ = {
			isa = XCConfigurationList;
			buildConfigurations = (
				A10000900000000000000003,
				A10000900000000000000004,
			);
			defaultConfigurationIsVisible = 0;
			defaultConfigurationName = Release;
		};
/* End XCConfigurationList section */

	};
	rootObject = A10000800000000000000001 /* Project object */;
}
